{
  "name": "mmo2d",
  "version": "1.0.0",
  "lockfileVersion": 1,
  "requires": true,
  "dependencies": {
    "@types/node": {
      "version": "10.7.1",
      "resolved": "https://registry.npmjs.org/@types/node/-/node-10.7.1.tgz",
      "integrity": "sha512-EGoI4ylB/lPOaqXqtzAyL8HcgOuCtH2hkEaLmkueOYufsTFWBn4VCvlCDC2HW8Q+9iF+QVC3sxjDKQYjHQeZ9w==",
      "dev": true
    },
    "@types/three": {
      "version": "0.92.17",
      "resolved": "https://registry.npmjs.org/@types/three/-/three-0.92.17.tgz",
      "integrity": "sha512-xTeOfK7Ym4OoENU4PCWZrYzgXirRA8JtDsulgr3CP6yMfP+12KbwzcCNArR5Zg1Wu5c/4Q1040zSTB23B6GFVQ==",
      "dev": true,
      "requires": {
        "@types/webvr-api": "0.0.34"
      }
    },
    "@types/webvr-api": {
      "version": "0.0.34",
      "resolved": "https://registry.npmjs.org/@types/webvr-api/-/webvr-api-0.0.34.tgz",
      "integrity": "sha512-gVAPKK+L1blPJCFnUDmkIdRfIU8xbwl05MDXPRjnjoeDXUUzR6frPuyx9RQz+OCodmxlBcJOkjVTMTZi1BcuZw==",
      "dev": true
    },
    "three": {
      "version": "0.95.0",
      "resolved": "https://registry.npmjs.org/three/-/three-0.95.0.tgz",
      "integrity": "sha512-vy6jMYs7CDwn47CejYHNi+++OdQue7xGIBhbLfekQ/G6MDxKRm0QB0/xWScz46/JvQAvF6pJAS5Q907l0i5iQA=="
    },
    "typescript": {
      "version": "2.9.2",
      "resolved": "https://registry.npmjs.org/typescript/-/typescript-2.9.2.tgz",
      "integrity": "sha512-Gr4p6nFNaoufRIY4NMdpQRNmgxVIGMs4Fcu/ujdYk3nAZqk7supzBE9idmvfZIlH/Cuj//dvi+019qEue9lV0w==",
      "dev": true
    }
  }
}
